version = 1
revision = 2
requires-python = ">=3.13"

[[package]]
name = "async-ping"
version = "0.1.0"
source = { virtual = "." }
dependencies = [
    { name = "icmplib" },
]

[package.metadata]
requires-dist = [{ name = "icmplib", specifier = ">=3.0.4" }]

[[package]]
name = "icmplib"
version = "3.0.4"
source = { registry = "https://pypi.org/simple" }
sdist = { url = "https://files.pythonhosted.org/packages/6d/78/ca07444be85ec718d4a7617f43fdb5b4eaae40bc15a04a5c888b64f3e35f/icmplib-3.0.4.tar.gz", hash = "sha256:57868f2cdb011418c0e1d5586b16d1fabd206569fe9652654c27b6b2d6a316de", size = 26744, upload-time = "2023-10-10T17:05:12.902Z" }
wheels = [
    { url = "https://files.pythonhosted.org/packages/38/ab/a47a2fdcf930e986914c642242ce2823753d7b08fda485f52323132f1240/icmplib-3.0.4-py3-none-any.whl", hash = "sha256:336b75c6c23c5ce99ddec33f718fab09661f6ad698e35b6f1fc7cc0ecf809398", size = 30561, upload-time = "2023-10-10T17:05:10.092Z" },
]
